
Microsoft Visual Studio Solution File, Format Version 12.00
# Visual Studio 15
VisualStudioVersion = 15.0.26124.0
MinimumVisualStudioVersion = 15.0.26124.0
Project("{6EC3EE1D-3C4E-46DD-8F32-0CC8E7565705}") = "OkasakiDataStructures", "OkasakiDataStructures\OkasakiDataStructures.fsproj", "{EFDB049E-6D1F-490F-8A92-26FE71A855CD}"
EndProject
Global
	GlobalSection(SolutionConfigurationPlatforms) = preSolution
		Debug|Any CPU = Debug|Any CPU
		Release|Any CPU = Release|Any CPU
	EndGlobalSection
	GlobalSection(ProjectConfigurationPlatforms) = postSolution
		{EFDB049E-6D1F-490F-8A92-26FE71A855CD}.Debug|Any CPU.ActiveCfg = Debug|Any CPU
		{EFDB049E-6D1F-490F-8A92-26FE71A855CD}.Debug|Any CPU.Build.0 = Debug|Any CPU
		{EFDB049E-6D1F-490F-8A92-26FE71A855CD}.Release|Any CPU.ActiveCfg = Release|Any CPU
		{EFDB049E-6D1F-490F-8A92-26FE71A855CD}.Release|Any CPU.Build.0 = Release|Any CPU
	EndGlobalSection
	GlobalSection(SolutionProperties) = preSolution
		HideSolutionNode = FALSE
	EndGlobalSection
	GlobalSection(ExtensibilityGlobals) = postSolution
		SolutionGuid = {DD277844-8733-4BFA-B6D7-A9CD0C230A44}
	EndGlobalSection
EndGlobal
