
Microsoft Visual Studio Solution File, Format Version 12.00
# Visual Studio Version 16
VisualStudioVersion = 16.0.29009.5
MinimumVisualStudioVersion = 15.0.26124.0
Project("{6EC3EE1D-3C4E-46DD-8F32-0CC8E7565705}") = "OkasakiDataStructures", "OkasakiDataStructures\OkasakiDataStructures.fsproj", "{EFDB049E-6D1F-490F-8A92-26FE71A855CD}"
EndProject
Project("{6EC3EE1D-3C4E-46DD-8F32-0CC8E7565705}") = "IntroductionToAlgorithmsByCormen", "IntroductionToAlgorithmsByCormen\IntroductionToAlgorithmsByCormen.fsproj", "{DF005433-5705-4ADE-89A5-75666C28B65D}"
EndProject
Project("{6EC3EE1D-3C4E-46DD-8F32-0CC8E7565705}") = "Tests", "Tests\Tests.fsproj", "{F33EF019-7885-4B74-9B7A-DDAC11630D0D}"
EndProject
Global
	GlobalSection(SolutionConfigurationPlatforms) = preSolution
		Debug|Any CPU = Debug|Any CPU
		Release|Any CPU = Release|Any CPU
	EndGlobalSection
	GlobalSection(ProjectConfigurationPlatforms) = postSolution
		{EFDB049E-6D1F-490F-8A92-26FE71A855CD}.Debug|Any CPU.ActiveCfg = Debug|Any CPU
		{EFDB049E-6D1F-490F-8A92-26FE71A855CD}.Debug|Any CPU.Build.0 = Debug|Any CPU
		{EFDB049E-6D1F-490F-8A92-26FE71A855CD}.Release|Any CPU.ActiveCfg = Release|Any CPU
		{EFDB049E-6D1F-490F-8A92-26FE71A855CD}.Release|Any CPU.Build.0 = Release|Any CPU
		{DF005433-5705-4ADE-89A5-75666C28B65D}.Debug|Any CPU.ActiveCfg = Debug|Any CPU
		{DF005433-5705-4ADE-89A5-75666C28B65D}.Debug|Any CPU.Build.0 = Debug|Any CPU
		{DF005433-5705-4ADE-89A5-75666C28B65D}.Release|Any CPU.ActiveCfg = Release|Any CPU
		{DF005433-5705-4ADE-89A5-75666C28B65D}.Release|Any CPU.Build.0 = Release|Any CPU
		{F33EF019-7885-4B74-9B7A-DDAC11630D0D}.Debug|Any CPU.ActiveCfg = Debug|Any CPU
		{F33EF019-7885-4B74-9B7A-DDAC11630D0D}.Debug|Any CPU.Build.0 = Debug|Any CPU
		{F33EF019-7885-4B74-9B7A-DDAC11630D0D}.Release|Any CPU.ActiveCfg = Release|Any CPU
		{F33EF019-7885-4B74-9B7A-DDAC11630D0D}.Release|Any CPU.Build.0 = Release|Any CPU
	EndGlobalSection
	GlobalSection(SolutionProperties) = preSolution
		HideSolutionNode = FALSE
	EndGlobalSection
	GlobalSection(ExtensibilityGlobals) = postSolution
		SolutionGuid = {DD277844-8733-4BFA-B6D7-A9CD0C230A44}
	EndGlobalSection
EndGlobal
