
Microsoft Visual Studio Solution File, Format Version 12.00
# Visual Studio Version 17
VisualStudioVersion = 17.9.34701.34
MinimumVisualStudioVersion = 15.0.26124.0
Project("{6EC3EE1D-3C4E-46DD-8F32-0CC8E7565705}") = "OkasakiDataStructures", "OkasakiDataStructures\OkasakiDataStructures.fsproj", "{EFDB049E-6D1F-490F-8A92-26FE71A855CD}"
EndProject
Project("{9A19103F-16F7-4668-BE54-9A1E7A4F7556}") = "CormenIntoductionToAlgorithms", "CormenIntoductionToAlgorithms\CormenIntoductionToAlgorithms.csproj", "{33E4EAC8-0791-452F-8B0D-9B7140AC54FA}"
EndProject
Project("{FAE04EC0-301F-11D3-BF4B-00C04F79EFBC}") = "CormenIntoductionToAlgorithms.Tests", "CormenIntoductionToAlgorithms.Tests\CormenIntoductionToAlgorithms.Tests.csproj", "{9495B746-12CD-4854-814C-3C27787DFC0A}"
EndProject
Global
	GlobalSection(SolutionConfigurationPlatforms) = preSolution
		Debug|Any CPU = Debug|Any CPU
		Release|Any CPU = Release|Any CPU
	EndGlobalSection
	GlobalSection(ProjectConfigurationPlatforms) = postSolution
		{EFDB049E-6D1F-490F-8A92-26FE71A855CD}.Debug|Any CPU.ActiveCfg = Debug|Any CPU
		{EFDB049E-6D1F-490F-8A92-26FE71A855CD}.Debug|Any CPU.Build.0 = Debug|Any CPU
		{EFDB049E-6D1F-490F-8A92-26FE71A855CD}.Release|Any CPU.ActiveCfg = Release|Any CPU
		{EFDB049E-6D1F-490F-8A92-26FE71A855CD}.Release|Any CPU.Build.0 = Release|Any CPU
		{33E4EAC8-0791-452F-8B0D-9B7140AC54FA}.Debug|Any CPU.ActiveCfg = Debug|Any CPU
		{33E4EAC8-0791-452F-8B0D-9B7140AC54FA}.Debug|Any CPU.Build.0 = Debug|Any CPU
		{33E4EAC8-0791-452F-8B0D-9B7140AC54FA}.Release|Any CPU.ActiveCfg = Release|Any CPU
		{33E4EAC8-0791-452F-8B0D-9B7140AC54FA}.Release|Any CPU.Build.0 = Release|Any CPU
		{9495B746-12CD-4854-814C-3C27787DFC0A}.Debug|Any CPU.ActiveCfg = Debug|Any CPU
		{9495B746-12CD-4854-814C-3C27787DFC0A}.Debug|Any CPU.Build.0 = Debug|Any CPU
		{9495B746-12CD-4854-814C-3C27787DFC0A}.Release|Any CPU.ActiveCfg = Release|Any CPU
		{9495B746-12CD-4854-814C-3C27787DFC0A}.Release|Any CPU.Build.0 = Release|Any CPU
	EndGlobalSection
	GlobalSection(SolutionProperties) = preSolution
		HideSolutionNode = FALSE
	EndGlobalSection
	GlobalSection(ExtensibilityGlobals) = postSolution
		SolutionGuid = {DD277844-8733-4BFA-B6D7-A9CD0C230A44}
	EndGlobalSection
EndGlobal
